
Microsoft Visual Studio Solution File, Format Version 12.00
# Visual Studio Version 17
VisualStudioVersion = 17.0.31912.275
MinimumVisualStudioVersion = 10.0.40219.1
Project("{2150E333-8FDC-42A3-9474-1A3956D46DE8}") = "Solution Items", "Solution Items", "{DEFFC1A4-F9E1-424B-948C-9A1751DB073F}"
	ProjectSection(SolutionItems) = preProject
		.github\workflows\dotnet-core-publish.yml = .github\workflows\dotnet-core-publish.yml
	EndProjectSection
EndProject
Project("{9A19103F-16F7-4668-BE54-9A1E7A4F7556}") = "DiscordBot.Discord", "DiscordBot.Discord\DiscordBot.Discord.csproj", "{7CEC6056-0AD0-40EB-8426-D77C96A9786B}"
EndProject
Project("{9A19103F-16F7-4668-BE54-9A1E7A4F7556}") = "DiscordBot.Discord.Contracts", "DiscordBot.Discord.Contracts\DiscordBot.Discord.Contracts.csproj", "{2912DD7D-A001-46FB-9777-F7CA8A759241}"
EndProject
Global
	GlobalSection(SolutionConfigurationPlatforms) = preSolution
		Debug|Any CPU = Debug|Any CPU
		Release|Any CPU = Release|Any CPU
	EndGlobalSection
	GlobalSection(ProjectConfigurationPlatforms) = postSolution
		{7CEC6056-0AD0-40EB-8426-D77C96A9786B}.Debug|Any CPU.ActiveCfg = Debug|Any CPU
		{7CEC6056-0AD0-40EB-8426-D77C96A9786B}.Debug|Any CPU.Build.0 = Debug|Any CPU
		{7CEC6056-0AD0-40EB-8426-D77C96A9786B}.Release|Any CPU.ActiveCfg = Release|Any CPU
		{7CEC6056-0AD0-40EB-8426-D77C96A9786B}.Release|Any CPU.Build.0 = Release|Any CPU
		{2912DD7D-A001-46FB-9777-F7CA8A759241}.Debug|Any CPU.ActiveCfg = Debug|Any CPU
		{2912DD7D-A001-46FB-9777-F7CA8A759241}.Debug|Any CPU.Build.0 = Debug|Any CPU
		{2912DD7D-A001-46FB-9777-F7CA8A759241}.Release|Any CPU.ActiveCfg = Release|Any CPU
		{2912DD7D-A001-46FB-9777-F7CA8A759241}.Release|Any CPU.Build.0 = Release|Any CPU
	EndGlobalSection
	GlobalSection(SolutionProperties) = preSolution
		HideSolutionNode = FALSE
	EndGlobalSection
	GlobalSection(ExtensibilityGlobals) = postSolution
		SolutionGuid = {98C44232-FD62-499A-9141-A4D59FF009FE}
	EndGlobalSection
EndGlobal
